
Microsoft Visual Studio Solution File, Format Version 12.00
# Visual Studio Version 17
VisualStudioVersion = 17.0.31903.59
MinimumVisualStudioVersion = 10.0.40219.1
Project("{9A19103F-16F7-4668-BE54-9A1E7A4F7556}") = "TenantedOptions.Core", "src\MultiTenantOptions.Core\TenantedOptions.Core.csproj", "{9B5C7CDB-FAAF-4E84-BF3C-557A85B6A5BA}"
EndProject
Project("{9A19103F-16F7-4668-BE54-9A1E7A4F7556}") = "TestApplication", "src\TestApplication\TestApplication.csproj", "{85CA517B-9384-43E8-854D-DF78F4968DCB}"
EndProject
Global
	GlobalSection(SolutionConfigurationPlatforms) = preSolution
		Debug|Any CPU = Debug|Any CPU
		Release|Any CPU = Release|Any CPU
	EndGlobalSection
	GlobalSection(ProjectConfigurationPlatforms) = postSolution
		{9B5C7CDB-FAAF-4E84-BF3C-557A85B6A5BA}.Debug|Any CPU.ActiveCfg = Debug|Any CPU
		{9B5C7CDB-FAAF-4E84-BF3C-557A85B6A5BA}.Debug|Any CPU.Build.0 = Debug|Any CPU
		{9B5C7CDB-FAAF-4E84-BF3C-557A85B6A5BA}.Release|Any CPU.ActiveCfg = Release|Any CPU
		{9B5C7CDB-FAAF-4E84-BF3C-557A85B6A5BA}.Release|Any CPU.Build.0 = Release|Any CPU
		{85CA517B-9384-43E8-854D-DF78F4968DCB}.Debug|Any CPU.ActiveCfg = Debug|Any CPU
		{85CA517B-9384-43E8-854D-DF78F4968DCB}.Debug|Any CPU.Build.0 = Debug|Any CPU
		{85CA517B-9384-43E8-854D-DF78F4968DCB}.Release|Any CPU.ActiveCfg = Release|Any CPU
		{85CA517B-9384-43E8-854D-DF78F4968DCB}.Release|Any CPU.Build.0 = Release|Any CPU
	EndGlobalSection
	GlobalSection(SolutionProperties) = preSolution
		HideSolutionNode = FALSE
	EndGlobalSection
	GlobalSection(ExtensibilityGlobals) = postSolution
		SolutionGuid = {04422A23-2923-46F0-BDE4-96BB1E167E1F}
	EndGlobalSection
EndGlobal
