
Microsoft Visual Studio Solution File, Format Version 12.00
# Visual Studio Version 17
VisualStudioVersion = 17.0.31903.59
MinimumVisualStudioVersion = 10.0.40219.1
Project("{FAE04EC0-301F-11D3-BF4B-00C04F79EFBC}") = "TenantedOptions.Core", "MultiTenantOptions.Core\TenantedOptions.Core.csproj", "{C636856F-BDE5-4E46-8EAE-A924CECEC607}"
EndProject
Global
	GlobalSection(SolutionConfigurationPlatforms) = preSolution
		Debug|Any CPU = Debug|Any CPU
		Release|Any CPU = Release|Any CPU
	EndGlobalSection
	GlobalSection(ProjectConfigurationPlatforms) = postSolution
		{C636856F-BDE5-4E46-8EAE-A924CECEC607}.Debug|Any CPU.ActiveCfg = Debug|Any CPU
		{C636856F-BDE5-4E46-8EAE-A924CECEC607}.Debug|Any CPU.Build.0 = Debug|Any CPU
		{C636856F-BDE5-4E46-8EAE-A924CECEC607}.Release|Any CPU.ActiveCfg = Release|Any CPU
		{C636856F-BDE5-4E46-8EAE-A924CECEC607}.Release|Any CPU.Build.0 = Release|Any CPU
	EndGlobalSection
	GlobalSection(SolutionProperties) = preSolution
		HideSolutionNode = FALSE
	EndGlobalSection
	GlobalSection(ExtensibilityGlobals) = postSolution
		SolutionGuid = {04422A23-2923-46F0-BDE4-96BB1E167E1F}
	EndGlobalSection
EndGlobal
